
Microsoft Visual Studio Solution File, Format Version 12.00
# Visual Studio Version 16
VisualStudioVersion = 16.0.31911.196
MinimumVisualStudioVersion = 10.0.40219.1
Project("{8BC9CEB8-8B4A-11D0-8D11-00A0C91BC942}") = "Compress String", "SmallAssignments\SmallAssignments.vcxproj", "{59147EDB-36DB-44A0-99FD-8C7F74C9D43D}"
EndProject
Project("{8BC9CEB8-8B4A-11D0-8D11-00A0C91BC942}") = "Permutations", "Permutations\Permutations.vcxproj", "{6263ADDC-6D98-4BB6-94F1-5971024A2547}"
EndProject
Project("{8BC9CEB8-8B4A-11D0-8D11-00A0C91BC942}") = "ContainsNumber", "ContainsNumber\ContainsNumber.vcxproj", "{E27D5221-408D-450E-BDB2-E55D99A362E3}"
EndProject
Global
	GlobalSection(SolutionConfigurationPlatforms) = preSolution
		Debug|x64 = Debug|x64
		Debug|x86 = Debug|x86
		Release|x64 = Release|x64
		Release|x86 = Release|x86
	EndGlobalSection
	GlobalSection(ProjectConfigurationPlatforms) = postSolution
		{59147EDB-36DB-44A0-99FD-8C7F74C9D43D}.Debug|x64.ActiveCfg = Debug|x64
		{59147EDB-36DB-44A0-99FD-8C7F74C9D43D}.Debug|x64.Build.0 = Debug|x64
		{59147EDB-36DB-44A0-99FD-8C7F74C9D43D}.Debug|x86.ActiveCfg = Debug|Win32
		{59147EDB-36DB-44A0-99FD-8C7F74C9D43D}.Debug|x86.Build.0 = Debug|Win32
		{59147EDB-36DB-44A0-99FD-8C7F74C9D43D}.Release|x64.ActiveCfg = Release|x64
		{59147EDB-36DB-44A0-99FD-8C7F74C9D43D}.Release|x64.Build.0 = Release|x64
		{59147EDB-36DB-44A0-99FD-8C7F74C9D43D}.Release|x86.ActiveCfg = Release|Win32
		{59147EDB-36DB-44A0-99FD-8C7F74C9D43D}.Release|x86.Build.0 = Release|Win32
		{6263ADDC-6D98-4BB6-94F1-5971024A2547}.Debug|x64.ActiveCfg = Debug|x64
		{6263ADDC-6D98-4BB6-94F1-5971024A2547}.Debug|x64.Build.0 = Debug|x64
		{6263ADDC-6D98-4BB6-94F1-5971024A2547}.Debug|x86.ActiveCfg = Debug|Win32
		{6263ADDC-6D98-4BB6-94F1-5971024A2547}.Debug|x86.Build.0 = Debug|Win32
		{6263ADDC-6D98-4BB6-94F1-5971024A2547}.Release|x64.ActiveCfg = Release|x64
		{6263ADDC-6D98-4BB6-94F1-5971024A2547}.Release|x64.Build.0 = Release|x64
		{6263ADDC-6D98-4BB6-94F1-5971024A2547}.Release|x86.ActiveCfg = Release|Win32
		{6263ADDC-6D98-4BB6-94F1-5971024A2547}.Release|x86.Build.0 = Release|Win32
		{E27D5221-408D-450E-BDB2-E55D99A362E3}.Debug|x64.ActiveCfg = Debug|x64
		{E27D5221-408D-450E-BDB2-E55D99A362E3}.Debug|x64.Build.0 = Debug|x64
		{E27D5221-408D-450E-BDB2-E55D99A362E3}.Debug|x86.ActiveCfg = Debug|Win32
		{E27D5221-408D-450E-BDB2-E55D99A362E3}.Debug|x86.Build.0 = Debug|Win32
		{E27D5221-408D-450E-BDB2-E55D99A362E3}.Release|x64.ActiveCfg = Release|x64
		{E27D5221-408D-450E-BDB2-E55D99A362E3}.Release|x64.Build.0 = Release|x64
		{E27D5221-408D-450E-BDB2-E55D99A362E3}.Release|x86.ActiveCfg = Release|Win32
		{E27D5221-408D-450E-BDB2-E55D99A362E3}.Release|x86.Build.0 = Release|Win32
	EndGlobalSection
	GlobalSection(SolutionProperties) = preSolution
		HideSolutionNode = FALSE
	EndGlobalSection
	GlobalSection(ExtensibilityGlobals) = postSolution
		SolutionGuid = {5CCED691-E102-4A06-B57E-2E83BA3C9C4F}
	EndGlobalSection
EndGlobal
