
Microsoft Visual Studio Solution File, Format Version 12.00
# Visual Studio Version 16
VisualStudioVersion = 16.0.31911.196
MinimumVisualStudioVersion = 10.0.40219.1
Project("{8BC9CEB8-8B4A-11D0-8D11-00A0C91BC942}") = "Compress String", "SmallAssignments\SmallAssignments.vcxproj", "{59147EDB-36DB-44A0-99FD-8C7F74C9D43D}"
EndProject
Project("{8BC9CEB8-8B4A-11D0-8D11-00A0C91BC942}") = "Permutations", "Permutations\Permutations.vcxproj", "{6263ADDC-6D98-4BB6-94F1-5971024A2547}"
EndProject
Project("{8BC9CEB8-8B4A-11D0-8D11-00A0C91BC942}") = "ContainsNumber", "ContainsNumber\ContainsNumber.vcxproj", "{E27D5221-408D-450E-BDB2-E55D99A362E3}"
EndProject
Project("{8BC9CEB8-8B4A-11D0-8D11-00A0C91BC942}") = "SwapIntermediate", "SwapIntermediate\SwapIntermediate.vcxproj", "{86B4AB6C-9498-4E05-B637-EB9E3279546F}"
EndProject
Project("{8BC9CEB8-8B4A-11D0-8D11-00A0C91BC942}") = "LinearSearchWord", "LinearSearchWord\LinearSearchWord.vcxproj", "{A185A2F5-82B5-4942-9E96-7BC14535475E}"
EndProject
Project("{8BC9CEB8-8B4A-11D0-8D11-00A0C91BC942}") = "LuckyNumber", "LuckyNumber\LuckyNumber.vcxproj", "{92CE17D5-ECB8-4FB2-BA71-00ACD3D633E0}"
EndProject
Project("{8BC9CEB8-8B4A-11D0-8D11-00A0C91BC942}") = "FibonacciNumbers", "FibonacciNumbers\FibonacciNumbers.vcxproj", "{82FC0D25-46D0-49AE-862C-08FC650305AC}"
EndProject
Project("{8BC9CEB8-8B4A-11D0-8D11-00A0C91BC942}") = "OccurencesInString", "OccurencesInString\OccurencesInString.vcxproj", "{2815AFB0-3B51-4020-BC6F-E1B9141A9DF0}"
EndProject
Project("{8BC9CEB8-8B4A-11D0-8D11-00A0C91BC942}") = "ConstructorOrderInheritence", "ConstructorOrderInheritence\ConstructorOrderInheritence.vcxproj", "{D0D49680-C31E-420F-8CED-80109D964295}"
EndProject
Global
	GlobalSection(SolutionConfigurationPlatforms) = preSolution
		Debug|x64 = Debug|x64
		Debug|x86 = Debug|x86
		Release|x64 = Release|x64
		Release|x86 = Release|x86
	EndGlobalSection
	GlobalSection(ProjectConfigurationPlatforms) = postSolution
		{59147EDB-36DB-44A0-99FD-8C7F74C9D43D}.Debug|x64.ActiveCfg = Debug|x64
		{59147EDB-36DB-44A0-99FD-8C7F74C9D43D}.Debug|x64.Build.0 = Debug|x64
		{59147EDB-36DB-44A0-99FD-8C7F74C9D43D}.Debug|x86.ActiveCfg = Debug|Win32
		{59147EDB-36DB-44A0-99FD-8C7F74C9D43D}.Debug|x86.Build.0 = Debug|Win32
		{59147EDB-36DB-44A0-99FD-8C7F74C9D43D}.Release|x64.ActiveCfg = Release|x64
		{59147EDB-36DB-44A0-99FD-8C7F74C9D43D}.Release|x64.Build.0 = Release|x64
		{59147EDB-36DB-44A0-99FD-8C7F74C9D43D}.Release|x86.ActiveCfg = Release|Win32
		{59147EDB-36DB-44A0-99FD-8C7F74C9D43D}.Release|x86.Build.0 = Release|Win32
		{6263ADDC-6D98-4BB6-94F1-5971024A2547}.Debug|x64.ActiveCfg = Debug|x64
		{6263ADDC-6D98-4BB6-94F1-5971024A2547}.Debug|x64.Build.0 = Debug|x64
		{6263ADDC-6D98-4BB6-94F1-5971024A2547}.Debug|x86.ActiveCfg = Debug|Win32
		{6263ADDC-6D98-4BB6-94F1-5971024A2547}.Debug|x86.Build.0 = Debug|Win32
		{6263ADDC-6D98-4BB6-94F1-5971024A2547}.Release|x64.ActiveCfg = Release|x64
		{6263ADDC-6D98-4BB6-94F1-5971024A2547}.Release|x64.Build.0 = Release|x64
		{6263ADDC-6D98-4BB6-94F1-5971024A2547}.Release|x86.ActiveCfg = Release|Win32
		{6263ADDC-6D98-4BB6-94F1-5971024A2547}.Release|x86.Build.0 = Release|Win32
		{E27D5221-408D-450E-BDB2-E55D99A362E3}.Debug|x64.ActiveCfg = Debug|x64
		{E27D5221-408D-450E-BDB2-E55D99A362E3}.Debug|x64.Build.0 = Debug|x64
		{E27D5221-408D-450E-BDB2-E55D99A362E3}.Debug|x86.ActiveCfg = Debug|Win32
		{E27D5221-408D-450E-BDB2-E55D99A362E3}.Debug|x86.Build.0 = Debug|Win32
		{E27D5221-408D-450E-BDB2-E55D99A362E3}.Release|x64.ActiveCfg = Release|x64
		{E27D5221-408D-450E-BDB2-E55D99A362E3}.Release|x64.Build.0 = Release|x64
		{E27D5221-408D-450E-BDB2-E55D99A362E3}.Release|x86.ActiveCfg = Release|Win32
		{E27D5221-408D-450E-BDB2-E55D99A362E3}.Release|x86.Build.0 = Release|Win32
		{86B4AB6C-9498-4E05-B637-EB9E3279546F}.Debug|x64.ActiveCfg = Debug|x64
		{86B4AB6C-9498-4E05-B637-EB9E3279546F}.Debug|x64.Build.0 = Debug|x64
		{86B4AB6C-9498-4E05-B637-EB9E3279546F}.Debug|x86.ActiveCfg = Debug|Win32
		{86B4AB6C-9498-4E05-B637-EB9E3279546F}.Debug|x86.Build.0 = Debug|Win32
		{86B4AB6C-9498-4E05-B637-EB9E3279546F}.Release|x64.ActiveCfg = Release|x64
		{86B4AB6C-9498-4E05-B637-EB9E3279546F}.Release|x64.Build.0 = Release|x64
		{86B4AB6C-9498-4E05-B637-EB9E3279546F}.Release|x86.ActiveCfg = Release|Win32
		{86B4AB6C-9498-4E05-B637-EB9E3279546F}.Release|x86.Build.0 = Release|Win32
		{A185A2F5-82B5-4942-9E96-7BC14535475E}.Debug|x64.ActiveCfg = Debug|x64
		{A185A2F5-82B5-4942-9E96-7BC14535475E}.Debug|x64.Build.0 = Debug|x64
		{A185A2F5-82B5-4942-9E96-7BC14535475E}.Debug|x86.ActiveCfg = Debug|Win32
		{A185A2F5-82B5-4942-9E96-7BC14535475E}.Debug|x86.Build.0 = Debug|Win32
		{A185A2F5-82B5-4942-9E96-7BC14535475E}.Release|x64.ActiveCfg = Release|x64
		{A185A2F5-82B5-4942-9E96-7BC14535475E}.Release|x64.Build.0 = Release|x64
		{A185A2F5-82B5-4942-9E96-7BC14535475E}.Release|x86.ActiveCfg = Release|Win32
		{A185A2F5-82B5-4942-9E96-7BC14535475E}.Release|x86.Build.0 = Release|Win32
		{92CE17D5-ECB8-4FB2-BA71-00ACD3D633E0}.Debug|x64.ActiveCfg = Debug|x64
		{92CE17D5-ECB8-4FB2-BA71-00ACD3D633E0}.Debug|x64.Build.0 = Debug|x64
		{92CE17D5-ECB8-4FB2-BA71-00ACD3D633E0}.Debug|x86.ActiveCfg = Debug|Win32
		{92CE17D5-ECB8-4FB2-BA71-00ACD3D633E0}.Debug|x86.Build.0 = Debug|Win32
		{92CE17D5-ECB8-4FB2-BA71-00ACD3D633E0}.Release|x64.ActiveCfg = Release|x64
		{92CE17D5-ECB8-4FB2-BA71-00ACD3D633E0}.Release|x64.Build.0 = Release|x64
		{92CE17D5-ECB8-4FB2-BA71-00ACD3D633E0}.Release|x86.ActiveCfg = Release|Win32
		{92CE17D5-ECB8-4FB2-BA71-00ACD3D633E0}.Release|x86.Build.0 = Release|Win32
		{82FC0D25-46D0-49AE-862C-08FC650305AC}.Debug|x64.ActiveCfg = Debug|x64
		{82FC0D25-46D0-49AE-862C-08FC650305AC}.Debug|x64.Build.0 = Debug|x64
		{82FC0D25-46D0-49AE-862C-08FC650305AC}.Debug|x86.ActiveCfg = Debug|Win32
		{82FC0D25-46D0-49AE-862C-08FC650305AC}.Debug|x86.Build.0 = Debug|Win32
		{82FC0D25-46D0-49AE-862C-08FC650305AC}.Release|x64.ActiveCfg = Release|x64
		{82FC0D25-46D0-49AE-862C-08FC650305AC}.Release|x64.Build.0 = Release|x64
		{82FC0D25-46D0-49AE-862C-08FC650305AC}.Release|x86.ActiveCfg = Release|Win32
		{82FC0D25-46D0-49AE-862C-08FC650305AC}.Release|x86.Build.0 = Release|Win32
		{2815AFB0-3B51-4020-BC6F-E1B9141A9DF0}.Debug|x64.ActiveCfg = Debug|x64
		{2815AFB0-3B51-4020-BC6F-E1B9141A9DF0}.Debug|x64.Build.0 = Debug|x64
		{2815AFB0-3B51-4020-BC6F-E1B9141A9DF0}.Debug|x86.ActiveCfg = Debug|Win32
		{2815AFB0-3B51-4020-BC6F-E1B9141A9DF0}.Debug|x86.Build.0 = Debug|Win32
		{2815AFB0-3B51-4020-BC6F-E1B9141A9DF0}.Release|x64.ActiveCfg = Release|x64
		{2815AFB0-3B51-4020-BC6F-E1B9141A9DF0}.Release|x64.Build.0 = Release|x64
		{2815AFB0-3B51-4020-BC6F-E1B9141A9DF0}.Release|x86.ActiveCfg = Release|Win32
		{2815AFB0-3B51-4020-BC6F-E1B9141A9DF0}.Release|x86.Build.0 = Release|Win32
		{D0D49680-C31E-420F-8CED-80109D964295}.Debug|x64.ActiveCfg = Debug|x64
		{D0D49680-C31E-420F-8CED-80109D964295}.Debug|x64.Build.0 = Debug|x64
		{D0D49680-C31E-420F-8CED-80109D964295}.Debug|x86.ActiveCfg = Debug|Win32
		{D0D49680-C31E-420F-8CED-80109D964295}.Debug|x86.Build.0 = Debug|Win32
		{D0D49680-C31E-420F-8CED-80109D964295}.Release|x64.ActiveCfg = Release|x64
		{D0D49680-C31E-420F-8CED-80109D964295}.Release|x64.Build.0 = Release|x64
		{D0D49680-C31E-420F-8CED-80109D964295}.Release|x86.ActiveCfg = Release|Win32
		{D0D49680-C31E-420F-8CED-80109D964295}.Release|x86.Build.0 = Release|Win32
	EndGlobalSection
	GlobalSection(SolutionProperties) = preSolution
		HideSolutionNode = FALSE
	EndGlobalSection
	GlobalSection(ExtensibilityGlobals) = postSolution
		SolutionGuid = {5CCED691-E102-4A06-B57E-2E83BA3C9C4F}
	EndGlobalSection
EndGlobal
