
Microsoft Visual Studio Solution File, Format Version 12.00
# Visual Studio Version 16
VisualStudioVersion = 16.0.31911.196
MinimumVisualStudioVersion = 10.0.40219.1
Project("{8BC9CEB8-8B4A-11D0-8D11-00A0C91BC942}") = "Compress String", "SmallAssignments\SmallAssignments.vcxproj", "{59147EDB-36DB-44A0-99FD-8C7F74C9D43D}"
EndProject
Project("{8BC9CEB8-8B4A-11D0-8D11-00A0C91BC942}") = "Permutations", "Permutations\Permutations.vcxproj", "{6263ADDC-6D98-4BB6-94F1-5971024A2547}"
EndProject
Project("{8BC9CEB8-8B4A-11D0-8D11-00A0C91BC942}") = "ContainsNumber", "ContainsNumber\ContainsNumber.vcxproj", "{E27D5221-408D-450E-BDB2-E55D99A362E3}"
EndProject
Project("{8BC9CEB8-8B4A-11D0-8D11-00A0C91BC942}") = "SwapIntermediate", "SwapIntermediate\SwapIntermediate.vcxproj", "{86B4AB6C-9498-4E05-B637-EB9E3279546F}"
EndProject
Project("{8BC9CEB8-8B4A-11D0-8D11-00A0C91BC942}") = "LinearSearchWord", "LinearSearchWord\LinearSearchWord.vcxproj", "{A185A2F5-82B5-4942-9E96-7BC14535475E}"
EndProject
Project("{8BC9CEB8-8B4A-11D0-8D11-00A0C91BC942}") = "LuckyNumber", "LuckyNumber\LuckyNumber.vcxproj", "{92CE17D5-ECB8-4FB2-BA71-00ACD3D633E0}"
EndProject
Project("{8BC9CEB8-8B4A-11D0-8D11-00A0C91BC942}") = "FibonacciNumbers", "FibonacciNumbers\FibonacciNumbers.vcxproj", "{82FC0D25-46D0-49AE-862C-08FC650305AC}"
EndProject
Project("{8BC9CEB8-8B4A-11D0-8D11-00A0C91BC942}") = "OccurencesInString", "OccurencesInString\OccurencesInString.vcxproj", "{2815AFB0-3B51-4020-BC6F-E1B9141A9DF0}"
EndProject
Project("{8BC9CEB8-8B4A-11D0-8D11-00A0C91BC942}") = "ConstructorOrderInheritence", "ConstructorOrderInheritence\ConstructorOrderInheritence.vcxproj", "{D0D49680-C31E-420F-8CED-80109D964295}"
EndProject
Project("{8BC9CEB8-8B4A-11D0-8D11-00A0C91BC942}") = "MinMaxSum", "MinMaxSum\MinMaxSum.vcxproj", "{966E9EEB-BFA8-4890-8BB8-4E181F0E1BB4}"
EndProject
Project("{8BC9CEB8-8B4A-11D0-8D11-00A0C91BC942}") = "SwapEasy", "SwapEasy\SwapEasy.vcxproj", "{C2C57813-DF32-4627-899C-FFAE0FA28501}"
EndProject
Project("{8BC9CEB8-8B4A-11D0-8D11-00A0C91BC942}") = "NthBit", "NthBit\NthBit.vcxproj", "{FEEF11AA-80DC-43B5-9652-DE11826129E7}"
EndProject
Project("{8BC9CEB8-8B4A-11D0-8D11-00A0C91BC942}") = "Palindrome", "Palindrome\Palindrome.vcxproj", "{BA866F2A-41F6-4BD2-A1FB-B8DD80460486}"
EndProject
Project("{8BC9CEB8-8B4A-11D0-8D11-00A0C91BC942}") = "LinearSearch", "LinearSearch\LinearSearch.vcxproj", "{1C623428-D7EE-4657-BFF6-5FB72DF2B56A}"
EndProject
Project("{8BC9CEB8-8B4A-11D0-8D11-00A0C91BC942}") = "ReverseCollection", "ReverseCollection\ReverseCollection.vcxproj", "{69BA21E6-5D72-4029-9E0C-0563B30AB257}"
EndProject
Project("{8BC9CEB8-8B4A-11D0-8D11-00A0C91BC942}") = "ArithmeticProgression", "ArithmeticProgression\ArithmeticProgression.vcxproj", "{4FBD2908-8D03-4C87-AA8F-8A4FE2E147B4}"
EndProject
Global
	GlobalSection(SolutionConfigurationPlatforms) = preSolution
		Debug|x64 = Debug|x64
		Debug|x86 = Debug|x86
		Release|x64 = Release|x64
		Release|x86 = Release|x86
	EndGlobalSection
	GlobalSection(ProjectConfigurationPlatforms) = postSolution
		{59147EDB-36DB-44A0-99FD-8C7F74C9D43D}.Debug|x64.ActiveCfg = Debug|x64
		{59147EDB-36DB-44A0-99FD-8C7F74C9D43D}.Debug|x64.Build.0 = Debug|x64
		{59147EDB-36DB-44A0-99FD-8C7F74C9D43D}.Debug|x86.ActiveCfg = Debug|Win32
		{59147EDB-36DB-44A0-99FD-8C7F74C9D43D}.Debug|x86.Build.0 = Debug|Win32
		{59147EDB-36DB-44A0-99FD-8C7F74C9D43D}.Release|x64.ActiveCfg = Release|x64
		{59147EDB-36DB-44A0-99FD-8C7F74C9D43D}.Release|x64.Build.0 = Release|x64
		{59147EDB-36DB-44A0-99FD-8C7F74C9D43D}.Release|x86.ActiveCfg = Release|Win32
		{59147EDB-36DB-44A0-99FD-8C7F74C9D43D}.Release|x86.Build.0 = Release|Win32
		{6263ADDC-6D98-4BB6-94F1-5971024A2547}.Debug|x64.ActiveCfg = Debug|x64
		{6263ADDC-6D98-4BB6-94F1-5971024A2547}.Debug|x64.Build.0 = Debug|x64
		{6263ADDC-6D98-4BB6-94F1-5971024A2547}.Debug|x86.ActiveCfg = Debug|Win32
		{6263ADDC-6D98-4BB6-94F1-5971024A2547}.Debug|x86.Build.0 = Debug|Win32
		{6263ADDC-6D98-4BB6-94F1-5971024A2547}.Release|x64.ActiveCfg = Release|x64
		{6263ADDC-6D98-4BB6-94F1-5971024A2547}.Release|x64.Build.0 = Release|x64
		{6263ADDC-6D98-4BB6-94F1-5971024A2547}.Release|x86.ActiveCfg = Release|Win32
		{6263ADDC-6D98-4BB6-94F1-5971024A2547}.Release|x86.Build.0 = Release|Win32
		{E27D5221-408D-450E-BDB2-E55D99A362E3}.Debug|x64.ActiveCfg = Debug|x64
		{E27D5221-408D-450E-BDB2-E55D99A362E3}.Debug|x64.Build.0 = Debug|x64
		{E27D5221-408D-450E-BDB2-E55D99A362E3}.Debug|x86.ActiveCfg = Debug|Win32
		{E27D5221-408D-450E-BDB2-E55D99A362E3}.Debug|x86.Build.0 = Debug|Win32
		{E27D5221-408D-450E-BDB2-E55D99A362E3}.Release|x64.ActiveCfg = Release|x64
		{E27D5221-408D-450E-BDB2-E55D99A362E3}.Release|x64.Build.0 = Release|x64
		{E27D5221-408D-450E-BDB2-E55D99A362E3}.Release|x86.ActiveCfg = Release|Win32
		{E27D5221-408D-450E-BDB2-E55D99A362E3}.Release|x86.Build.0 = Release|Win32
		{86B4AB6C-9498-4E05-B637-EB9E3279546F}.Debug|x64.ActiveCfg = Debug|x64
		{86B4AB6C-9498-4E05-B637-EB9E3279546F}.Debug|x64.Build.0 = Debug|x64
		{86B4AB6C-9498-4E05-B637-EB9E3279546F}.Debug|x86.ActiveCfg = Debug|Win32
		{86B4AB6C-9498-4E05-B637-EB9E3279546F}.Debug|x86.Build.0 = Debug|Win32
		{86B4AB6C-9498-4E05-B637-EB9E3279546F}.Release|x64.ActiveCfg = Release|x64
		{86B4AB6C-9498-4E05-B637-EB9E3279546F}.Release|x64.Build.0 = Release|x64
		{86B4AB6C-9498-4E05-B637-EB9E3279546F}.Release|x86.ActiveCfg = Release|Win32
		{86B4AB6C-9498-4E05-B637-EB9E3279546F}.Release|x86.Build.0 = Release|Win32
		{A185A2F5-82B5-4942-9E96-7BC14535475E}.Debug|x64.ActiveCfg = Debug|x64
		{A185A2F5-82B5-4942-9E96-7BC14535475E}.Debug|x64.Build.0 = Debug|x64
		{A185A2F5-82B5-4942-9E96-7BC14535475E}.Debug|x86.ActiveCfg = Debug|Win32
		{A185A2F5-82B5-4942-9E96-7BC14535475E}.Debug|x86.Build.0 = Debug|Win32
		{A185A2F5-82B5-4942-9E96-7BC14535475E}.Release|x64.ActiveCfg = Release|x64
		{A185A2F5-82B5-4942-9E96-7BC14535475E}.Release|x64.Build.0 = Release|x64
		{A185A2F5-82B5-4942-9E96-7BC14535475E}.Release|x86.ActiveCfg = Release|Win32
		{A185A2F5-82B5-4942-9E96-7BC14535475E}.Release|x86.Build.0 = Release|Win32
		{92CE17D5-ECB8-4FB2-BA71-00ACD3D633E0}.Debug|x64.ActiveCfg = Debug|x64
		{92CE17D5-ECB8-4FB2-BA71-00ACD3D633E0}.Debug|x64.Build.0 = Debug|x64
		{92CE17D5-ECB8-4FB2-BA71-00ACD3D633E0}.Debug|x86.ActiveCfg = Debug|Win32
		{92CE17D5-ECB8-4FB2-BA71-00ACD3D633E0}.Debug|x86.Build.0 = Debug|Win32
		{92CE17D5-ECB8-4FB2-BA71-00ACD3D633E0}.Release|x64.ActiveCfg = Release|x64
		{92CE17D5-ECB8-4FB2-BA71-00ACD3D633E0}.Release|x64.Build.0 = Release|x64
		{92CE17D5-ECB8-4FB2-BA71-00ACD3D633E0}.Release|x86.ActiveCfg = Release|Win32
		{92CE17D5-ECB8-4FB2-BA71-00ACD3D633E0}.Release|x86.Build.0 = Release|Win32
		{82FC0D25-46D0-49AE-862C-08FC650305AC}.Debug|x64.ActiveCfg = Debug|x64
		{82FC0D25-46D0-49AE-862C-08FC650305AC}.Debug|x64.Build.0 = Debug|x64
		{82FC0D25-46D0-49AE-862C-08FC650305AC}.Debug|x86.ActiveCfg = Debug|Win32
		{82FC0D25-46D0-49AE-862C-08FC650305AC}.Debug|x86.Build.0 = Debug|Win32
		{82FC0D25-46D0-49AE-862C-08FC650305AC}.Release|x64.ActiveCfg = Release|x64
		{82FC0D25-46D0-49AE-862C-08FC650305AC}.Release|x64.Build.0 = Release|x64
		{82FC0D25-46D0-49AE-862C-08FC650305AC}.Release|x86.ActiveCfg = Release|Win32
		{82FC0D25-46D0-49AE-862C-08FC650305AC}.Release|x86.Build.0 = Release|Win32
		{2815AFB0-3B51-4020-BC6F-E1B9141A9DF0}.Debug|x64.ActiveCfg = Debug|x64
		{2815AFB0-3B51-4020-BC6F-E1B9141A9DF0}.Debug|x64.Build.0 = Debug|x64
		{2815AFB0-3B51-4020-BC6F-E1B9141A9DF0}.Debug|x86.ActiveCfg = Debug|Win32
		{2815AFB0-3B51-4020-BC6F-E1B9141A9DF0}.Debug|x86.Build.0 = Debug|Win32
		{2815AFB0-3B51-4020-BC6F-E1B9141A9DF0}.Release|x64.ActiveCfg = Release|x64
		{2815AFB0-3B51-4020-BC6F-E1B9141A9DF0}.Release|x64.Build.0 = Release|x64
		{2815AFB0-3B51-4020-BC6F-E1B9141A9DF0}.Release|x86.ActiveCfg = Release|Win32
		{2815AFB0-3B51-4020-BC6F-E1B9141A9DF0}.Release|x86.Build.0 = Release|Win32
		{D0D49680-C31E-420F-8CED-80109D964295}.Debug|x64.ActiveCfg = Debug|x64
		{D0D49680-C31E-420F-8CED-80109D964295}.Debug|x64.Build.0 = Debug|x64
		{D0D49680-C31E-420F-8CED-80109D964295}.Debug|x86.ActiveCfg = Debug|Win32
		{D0D49680-C31E-420F-8CED-80109D964295}.Debug|x86.Build.0 = Debug|Win32
		{D0D49680-C31E-420F-8CED-80109D964295}.Release|x64.ActiveCfg = Release|x64
		{D0D49680-C31E-420F-8CED-80109D964295}.Release|x64.Build.0 = Release|x64
		{D0D49680-C31E-420F-8CED-80109D964295}.Release|x86.ActiveCfg = Release|Win32
		{D0D49680-C31E-420F-8CED-80109D964295}.Release|x86.Build.0 = Release|Win32
		{966E9EEB-BFA8-4890-8BB8-4E181F0E1BB4}.Debug|x64.ActiveCfg = Debug|x64
		{966E9EEB-BFA8-4890-8BB8-4E181F0E1BB4}.Debug|x64.Build.0 = Debug|x64
		{966E9EEB-BFA8-4890-8BB8-4E181F0E1BB4}.Debug|x86.ActiveCfg = Debug|Win32
		{966E9EEB-BFA8-4890-8BB8-4E181F0E1BB4}.Debug|x86.Build.0 = Debug|Win32
		{966E9EEB-BFA8-4890-8BB8-4E181F0E1BB4}.Release|x64.ActiveCfg = Release|x64
		{966E9EEB-BFA8-4890-8BB8-4E181F0E1BB4}.Release|x64.Build.0 = Release|x64
		{966E9EEB-BFA8-4890-8BB8-4E181F0E1BB4}.Release|x86.ActiveCfg = Release|Win32
		{966E9EEB-BFA8-4890-8BB8-4E181F0E1BB4}.Release|x86.Build.0 = Release|Win32
		{C2C57813-DF32-4627-899C-FFAE0FA28501}.Debug|x64.ActiveCfg = Debug|x64
		{C2C57813-DF32-4627-899C-FFAE0FA28501}.Debug|x64.Build.0 = Debug|x64
		{C2C57813-DF32-4627-899C-FFAE0FA28501}.Debug|x86.ActiveCfg = Debug|Win32
		{C2C57813-DF32-4627-899C-FFAE0FA28501}.Debug|x86.Build.0 = Debug|Win32
		{C2C57813-DF32-4627-899C-FFAE0FA28501}.Release|x64.ActiveCfg = Release|x64
		{C2C57813-DF32-4627-899C-FFAE0FA28501}.Release|x64.Build.0 = Release|x64
		{C2C57813-DF32-4627-899C-FFAE0FA28501}.Release|x86.ActiveCfg = Release|Win32
		{C2C57813-DF32-4627-899C-FFAE0FA28501}.Release|x86.Build.0 = Release|Win32
		{FEEF11AA-80DC-43B5-9652-DE11826129E7}.Debug|x64.ActiveCfg = Debug|x64
		{FEEF11AA-80DC-43B5-9652-DE11826129E7}.Debug|x64.Build.0 = Debug|x64
		{FEEF11AA-80DC-43B5-9652-DE11826129E7}.Debug|x86.ActiveCfg = Debug|Win32
		{FEEF11AA-80DC-43B5-9652-DE11826129E7}.Debug|x86.Build.0 = Debug|Win32
		{FEEF11AA-80DC-43B5-9652-DE11826129E7}.Release|x64.ActiveCfg = Release|x64
		{FEEF11AA-80DC-43B5-9652-DE11826129E7}.Release|x64.Build.0 = Release|x64
		{FEEF11AA-80DC-43B5-9652-DE11826129E7}.Release|x86.ActiveCfg = Release|Win32
		{FEEF11AA-80DC-43B5-9652-DE11826129E7}.Release|x86.Build.0 = Release|Win32
		{BA866F2A-41F6-4BD2-A1FB-B8DD80460486}.Debug|x64.ActiveCfg = Debug|x64
		{BA866F2A-41F6-4BD2-A1FB-B8DD80460486}.Debug|x64.Build.0 = Debug|x64
		{BA866F2A-41F6-4BD2-A1FB-B8DD80460486}.Debug|x86.ActiveCfg = Debug|Win32
		{BA866F2A-41F6-4BD2-A1FB-B8DD80460486}.Debug|x86.Build.0 = Debug|Win32
		{BA866F2A-41F6-4BD2-A1FB-B8DD80460486}.Release|x64.ActiveCfg = Release|x64
		{BA866F2A-41F6-4BD2-A1FB-B8DD80460486}.Release|x64.Build.0 = Release|x64
		{BA866F2A-41F6-4BD2-A1FB-B8DD80460486}.Release|x86.ActiveCfg = Release|Win32
		{BA866F2A-41F6-4BD2-A1FB-B8DD80460486}.Release|x86.Build.0 = Release|Win32
		{1C623428-D7EE-4657-BFF6-5FB72DF2B56A}.Debug|x64.ActiveCfg = Debug|x64
		{1C623428-D7EE-4657-BFF6-5FB72DF2B56A}.Debug|x64.Build.0 = Debug|x64
		{1C623428-D7EE-4657-BFF6-5FB72DF2B56A}.Debug|x86.ActiveCfg = Debug|Win32
		{1C623428-D7EE-4657-BFF6-5FB72DF2B56A}.Debug|x86.Build.0 = Debug|Win32
		{1C623428-D7EE-4657-BFF6-5FB72DF2B56A}.Release|x64.ActiveCfg = Release|x64
		{1C623428-D7EE-4657-BFF6-5FB72DF2B56A}.Release|x64.Build.0 = Release|x64
		{1C623428-D7EE-4657-BFF6-5FB72DF2B56A}.Release|x86.ActiveCfg = Release|Win32
		{1C623428-D7EE-4657-BFF6-5FB72DF2B56A}.Release|x86.Build.0 = Release|Win32
		{69BA21E6-5D72-4029-9E0C-0563B30AB257}.Debug|x64.ActiveCfg = Debug|x64
		{69BA21E6-5D72-4029-9E0C-0563B30AB257}.Debug|x64.Build.0 = Debug|x64
		{69BA21E6-5D72-4029-9E0C-0563B30AB257}.Debug|x86.ActiveCfg = Debug|Win32
		{69BA21E6-5D72-4029-9E0C-0563B30AB257}.Debug|x86.Build.0 = Debug|Win32
		{69BA21E6-5D72-4029-9E0C-0563B30AB257}.Release|x64.ActiveCfg = Release|x64
		{69BA21E6-5D72-4029-9E0C-0563B30AB257}.Release|x64.Build.0 = Release|x64
		{69BA21E6-5D72-4029-9E0C-0563B30AB257}.Release|x86.ActiveCfg = Release|Win32
		{69BA21E6-5D72-4029-9E0C-0563B30AB257}.Release|x86.Build.0 = Release|Win32
		{4FBD2908-8D03-4C87-AA8F-8A4FE2E147B4}.Debug|x64.ActiveCfg = Debug|x64
		{4FBD2908-8D03-4C87-AA8F-8A4FE2E147B4}.Debug|x64.Build.0 = Debug|x64
		{4FBD2908-8D03-4C87-AA8F-8A4FE2E147B4}.Debug|x86.ActiveCfg = Debug|Win32
		{4FBD2908-8D03-4C87-AA8F-8A4FE2E147B4}.Debug|x86.Build.0 = Debug|Win32
		{4FBD2908-8D03-4C87-AA8F-8A4FE2E147B4}.Release|x64.ActiveCfg = Release|x64
		{4FBD2908-8D03-4C87-AA8F-8A4FE2E147B4}.Release|x64.Build.0 = Release|x64
		{4FBD2908-8D03-4C87-AA8F-8A4FE2E147B4}.Release|x86.ActiveCfg = Release|Win32
		{4FBD2908-8D03-4C87-AA8F-8A4FE2E147B4}.Release|x86.Build.0 = Release|Win32
	EndGlobalSection
	GlobalSection(SolutionProperties) = preSolution
		HideSolutionNode = FALSE
	EndGlobalSection
	GlobalSection(ExtensibilityGlobals) = postSolution
		SolutionGuid = {5CCED691-E102-4A06-B57E-2E83BA3C9C4F}
	EndGlobalSection
EndGlobal
